{
  "requires": true,
  "lockfileVersion": 1,
  "dependencies": {
    "telegram-node-bot": {
      "version": "github:Vachounet/telegram-node-bot#a1923f78508baa98b3fe0bf12e2b6ec88ebf0b70",
      "from": "github:Vachounet/telegram-node-bot#master",
      "requires": {
        "tiny_request": "^1.0.13"
      }
    },
    "tiny_request": {
      "version": "1.0.13",
      "resolved": "https://registry.npmjs.org/tiny_request/-/tiny_request-1.0.13.tgz",
      "integrity": "sha1-gbmXd5R1GdNLDnOsnrb1AnpVL5I="
    }
  }
}
